
Microsoft Visual Studio Solution File, Format Version 12.00
# Visual Studio 15
VisualStudioVersion = 15.0.28307.779
MinimumVisualStudioVersion = 10.0.40219.1
Project("{FAE04EC0-301F-11D3-BF4B-00C04F79EFBC}") = "QuickSort", "QuickSort\QuickSort.csproj", "{7BFC6335-AF76-4F1F-A33B-E71538C66D72}"
EndProject
Global
	GlobalSection(SolutionConfigurationPlatforms) = preSolution
		Debug|Any CPU = Debug|Any CPU
		Release|Any CPU = Release|Any CPU
	EndGlobalSection
	GlobalSection(ProjectConfigurationPlatforms) = postSolution
		{7BFC6335-AF76-4F1F-A33B-E71538C66D72}.Debug|Any CPU.ActiveCfg = Debug|Any CPU
		{7BFC6335-AF76-4F1F-A33B-E71538C66D72}.Debug|Any CPU.Build.0 = Debug|Any CPU
		{7BFC6335-AF76-4F1F-A33B-E71538C66D72}.Release|Any CPU.ActiveCfg = Release|Any CPU
		{7BFC6335-AF76-4F1F-A33B-E71538C66D72}.Release|Any CPU.Build.0 = Release|Any CPU
	EndGlobalSection
	GlobalSection(SolutionProperties) = preSolution
		HideSolutionNode = FALSE
	EndGlobalSection
	GlobalSection(ExtensibilityGlobals) = postSolution
		SolutionGuid = {E70E9908-ED88-43AE-9843-47C2E6E0BF74}
	EndGlobalSection
EndGlobal
